
Microsoft Visual Studio Solution File, Format Version 12.00
# Visual Studio Version 17
VisualStudioVersion = 17.9.34616.47
MinimumVisualStudioVersion = 10.0.40219.1
Project("{FAE04EC0-301F-11D3-BF4B-00C04F79EFBC}") = "guia11", "guia11\guia11.csproj", "{5292BBEB-BE73-4F71-A661-D0FF24D929BA}"
EndProject
Global
	GlobalSection(SolutionConfigurationPlatforms) = preSolution
		Debug|Any CPU = Debug|Any CPU
		Release|Any CPU = Release|Any CPU
	EndGlobalSection
	GlobalSection(ProjectConfigurationPlatforms) = postSolution
		{5292BBEB-BE73-4F71-A661-D0FF24D929BA}.Debug|Any CPU.ActiveCfg = Debug|Any CPU
		{5292BBEB-BE73-4F71-A661-D0FF24D929BA}.Debug|Any CPU.Build.0 = Debug|Any CPU
		{5292BBEB-BE73-4F71-A661-D0FF24D929BA}.Release|Any CPU.ActiveCfg = Release|Any CPU
		{5292BBEB-BE73-4F71-A661-D0FF24D929BA}.Release|Any CPU.Build.0 = Release|Any CPU
	EndGlobalSection
	GlobalSection(SolutionProperties) = preSolution
		HideSolutionNode = FALSE
	EndGlobalSection
	GlobalSection(ExtensibilityGlobals) = postSolution
		SolutionGuid = {A177F0B4-CF5B-4BF9-98D1-DAFA385B6E9F}
	EndGlobalSection
EndGlobal
